
Microsoft Visual Studio Solution File, Format Version 12.00
# Visual Studio 15
VisualStudioVersion = 15.0.27703.1
MinimumVisualStudioVersion = 10.0.40219.1
Project("{FAE04EC0-301F-11D3-BF4B-00C04F79EFBC}") = "NetCoreJwtAuthentication", "NetCoreJwtAuthentication\NetCoreJwtAuthentication.csproj", "{BC8D637D-D1CB-49EC-B6F6-C2451C576D4F}"
EndProject
Global
	GlobalSection(SolutionConfigurationPlatforms) = preSolution
		Debug|Any CPU = Debug|Any CPU
		Release|Any CPU = Release|Any CPU
	EndGlobalSection
	GlobalSection(ProjectConfigurationPlatforms) = postSolution
		{BC8D637D-D1CB-49EC-B6F6-C2451C576D4F}.Debug|Any CPU.ActiveCfg = Debug|Any CPU
		{BC8D637D-D1CB-49EC-B6F6-C2451C576D4F}.Debug|Any CPU.Build.0 = Debug|Any CPU
		{BC8D637D-D1CB-49EC-B6F6-C2451C576D4F}.Release|Any CPU.ActiveCfg = Release|Any CPU
		{BC8D637D-D1CB-49EC-B6F6-C2451C576D4F}.Release|Any CPU.Build.0 = Release|Any CPU
	EndGlobalSection
	GlobalSection(SolutionProperties) = preSolution
		HideSolutionNode = FALSE
	EndGlobalSection
	GlobalSection(ExtensibilityGlobals) = postSolution
		SolutionGuid = {CCC634F1-C9B7-47B5-9067-656DDE6B2066}
	EndGlobalSection
EndGlobal
